// !$*UTF8*$!
{
	archiveVersion = 1;
	classes = {
	};
	objectVersion = 50;
	objects = {

/* Begin PBXBuildFile section */
		5C1DF35223E1980600E53AA9 /* ListOfRecordsTableViewController.swift in Sources */ = {isa = PBXBuildFile; fileRef = 5C1DF35123E1980600E53AA9 /* ListOfRecordsTableViewController.swift */; };
		5C1DF35423E1A21E00E53AA9 /* Records.swift in Sources */ = {isa = PBXBuildFile; fileRef = 5C1DF35323E1A21E00E53AA9 /* Records.swift */; };
		5C1DF35623E1A47000E53AA9 /* RecordsCaretaker.swift in Sources */ = {isa = PBXBuildFile; fileRef = 5C1DF35523E1A47000E53AA9 /* RecordsCaretaker.swift */; };
		5C1EF19723CDC21A00C9D90E /* AppDelegate.swift in Sources */ = {isa = PBXBuildFile; fileRef = 5C1EF19623CDC21A00C9D90E /* AppDelegate.swift */; };
		5C1EF19923CDC21A00C9D90E /* SceneDelegate.swift in Sources */ = {isa = PBXBuildFile; fileRef = 5C1EF19823CDC21A00C9D90E /* SceneDelegate.swift */; };
		5C1EF19B23CDC21A00C9D90E /* ViewController.swift in Sources */ = {isa = PBXBuildFile; fileRef = 5C1EF19A23CDC21A00C9D90E /* ViewController.swift */; };
		5C1EF19E23CDC21A00C9D90E /* Main.storyboard in Resources */ = {isa = PBXBuildFile; fileRef = 5C1EF19C23CDC21A00C9D90E /* Main.storyboard */; };
		5C1EF1A023CDC22300C9D90E /* Assets.xcassets in Resources */ = {isa = PBXBuildFile; fileRef = 5C1EF19F23CDC22300C9D90E /* Assets.xcassets */; };
		5C1EF1A323CDC22300C9D90E /* LaunchScreen.storyboard in Resources */ = {isa = PBXBuildFile; fileRef = 5C1EF1A123CDC22300C9D90E /* LaunchScreen.storyboard */; };
		5C1EF1AB23CDC52500C9D90E /* RecorderView.swift in Sources */ = {isa = PBXBuildFile; fileRef = 5C1EF1AA23CDC52500C9D90E /* RecorderView.swift */; };
		5CF9E81123D5C39A007C6AD1 /* Utils.swift in Sources */ = {isa = PBXBuildFile; fileRef = 5CF9E81023D5C39A007C6AD1 /* Utils.swift */; };
		5CF9E81323D5CB5C007C6AD1 /* UIColor+Ext.swift in Sources */ = {isa = PBXBuildFile; fileRef = 5CF9E81223D5CB5C007C6AD1 /* UIColor+Ext.swift */; };
/* End PBXBuildFile section */

/* Begin PBXFileReference section */
		5C1DF35123E1980600E53AA9 /* ListOfRecordsTableViewController.swift */ = {isa = PBXFileReference; lastKnownFileType = sourcecode.swift; path = ListOfRecordsTableViewController.swift; sourceTree = "<group>"; };
		5C1DF35323E1A21E00E53AA9 /* Records.swift */ = {isa = PBXFileReference; lastKnownFileType = sourcecode.swift; path = Records.swift; sourceTree = "<group>"; };
		5C1DF35523E1A47000E53AA9 /* RecordsCaretaker.swift */ = {isa = PBXFileReference; lastKnownFileType = sourcecode.swift; path = RecordsCaretaker.swift; sourceTree = "<group>"; };
		5C1EF19323CDC21A00C9D90E /* RecordAndPlay.app */ = {isa = PBXFileReference; explicitFileType = wrapper.application; includeInIndex = 0; path = RecordAndPlay.app; sourceTree = BUILT_PRODUCTS_DIR; };
		5C1EF19623CDC21A00C9D90E /* AppDelegate.swift */ = {isa = PBXFileReference; lastKnownFileType = sourcecode.swift; path = AppDelegate.swift; sourceTree = "<group>"; };
		5C1EF19823CDC21A00C9D90E /* SceneDelegate.swift */ = {isa = PBXFileReference; lastKnownFileType = sourcecode.swift; path = SceneDelegate.swift; sourceTree = "<group>"; };
		5C1EF19A23CDC21A00C9D90E /* ViewController.swift */ = {isa = PBXFileReference; lastKnownFileType = sourcecode.swift; path = ViewController.swift; sourceTree = "<group>"; };
		5C1EF19D23CDC21A00C9D90E /* Base */ = {isa = PBXFileReference; lastKnownFileType = file.storyboard; name = Base; path = Base.lproj/Main.storyboard; sourceTree = "<group>"; };
		5C1EF19F23CDC22300C9D90E /* Assets.xcassets */ = {isa = PBXFileReference; lastKnownFileType = folder.assetcatalog; path = Assets.xcassets; sourceTree = "<group>"; };
		5C1EF1A223CDC22300C9D90E /* Base */ = {isa = PBXFileReference; lastKnownFileType = file.storyboard; name = Base; path = Base.lproj/LaunchScreen.storyboard; sourceTree = "<group>"; };
		5C1EF1A423CDC22300C9D90E /* Info.plist */ = {isa = PBXFileReference; lastKnownFileType = text.plist.xml; path = Info.plist; sourceTree = "<group>"; };
		5C1EF1AA23CDC52500C9D90E /* RecorderView.swift */ = {isa = PBXFileReference; lastKnownFileType = sourcecode.swift; name = RecorderView.swift; path = View/RecorderView.swift; sourceTree = "<group>"; };
		5CF9E81023D5C39A007C6AD1 /* Utils.swift */ = {isa = PBXFileReference; fileEncoding = 4; lastKnownFileType = sourcecode.swift; path = Utils.swift; sourceTree = "<group>"; };
		5CF9E81223D5CB5C007C6AD1 /* UIColor+Ext.swift */ = {isa = PBXFileReference; lastKnownFileType = sourcecode.swift; path = "UIColor+Ext.swift"; sourceTree = "<group>"; };
/* End PBXFileReference section */

/* Begin PBXFrameworksBuildPhase section */
		5C1EF19023CDC21A00C9D90E /* Frameworks */ = {
			isa = PBXFrameworksBuildPhase;
			buildActionMask = 2147483647;
			files = (
			);
			runOnlyForDeploymentPostprocessing = 0;
		};
/* End PBXFrameworksBuildPhase section */

/* Begin PBXGroup section */
		5C1EF18A23CDC21A00C9D90E = {
			isa = PBXGroup;
			children = (
				5C1EF19523CDC21A00C9D90E /* RecordAndPlay */,
				5C1EF19423CDC21A00C9D90E /* Products */,
			);
			sourceTree = "<group>";
		};
		5C1EF19423CDC21A00C9D90E /* Products */ = {
			isa = PBXGroup;
			children = (
				5C1EF19323CDC21A00C9D90E /* RecordAndPlay.app */,
			);
			name = Products;
			sourceTree = "<group>";
		};
		5C1EF19523CDC21A00C9D90E /* RecordAndPlay */ = {
			isa = PBXGroup;
			children = (
				5C1EF19623CDC21A00C9D90E /* AppDelegate.swift */,
				5C1DF35523E1A47000E53AA9 /* RecordsCaretaker.swift */,
				5C1DF35323E1A21E00E53AA9 /* Records.swift */,
				5C1DF35123E1980600E53AA9 /* ListOfRecordsTableViewController.swift */,
				5C1EF1AA23CDC52500C9D90E /* RecorderView.swift */,
				5C1EF19823CDC21A00C9D90E /* SceneDelegate.swift */,
				5CF9E81023D5C39A007C6AD1 /* Utils.swift */,
				5C1EF19A23CDC21A00C9D90E /* ViewController.swift */,
				5C1EF19C23CDC21A00C9D90E /* Main.storyboard */,
				5C1EF19F23CDC22300C9D90E /* Assets.xcassets */,
				5C1EF1A123CDC22300C9D90E /* LaunchScreen.storyboard */,
				5C1EF1A423CDC22300C9D90E /* Info.plist */,
				5CF9E81223D5CB5C007C6AD1 /* UIColor+Ext.swift */,
			);
			path = RecordAndPlay;
			sourceTree = "<group>";
		};
/* End PBXGroup section */

/* Begin PBXNativeTarget section */
		5C1EF19223CDC21A00C9D90E /* RecordAndPlay */ = {
			isa = PBXNativeTarget;
			buildConfigurationList = 5C1EF1A723CDC22300C9D90E /* Build configuration list for PBXNativeTarget "RecordAndPlay" */;
			buildPhases = (
				5C1EF18F23CDC21A00C9D90E /* Sources */,
				5C1EF19023CDC21A00C9D90E /* Frameworks */,
				5C1EF19123CDC21A00C9D90E /* Resources */,
			);
			buildRules = (
			);
			dependencies = (
			);
			name = RecordAndPlay;
			productName = RecordAndPlay;
			productReference = 5C1EF19323CDC21A00C9D90E /* RecordAndPlay.app */;
			productType = "com.apple.product-type.application";
		};
/* End PBXNativeTarget section */

/* Begin PBXProject section */
		5C1EF18B23CDC21A00C9D90E /* Project object */ = {
			isa = PBXProject;
			attributes = {
				LastSwiftUpdateCheck = 1130;
				LastUpgradeCheck = 1130;
				ORGANIZATIONNAME = "Olga Melnik";
				TargetAttributes = {
					5C1EF19223CDC21A00C9D90E = {
						CreatedOnToolsVersion = 11.3;
					};
				};
			};
			buildConfigurationList = 5C1EF18E23CDC21A00C9D90E /* Build configuration list for PBXProject "RecordAndPlay" */;
			compatibilityVersion = "Xcode 9.3";
			developmentRegion = en;
			hasScannedForEncodings = 0;
			knownRegions = (
				en,
				Base,
			);
			mainGroup = 5C1EF18A23CDC21A00C9D90E;
			productRefGroup = 5C1EF19423CDC21A00C9D90E /* Products */;
			projectDirPath = "";
			projectRoot = "";
			targets = (
				5C1EF19223CDC21A00C9D90E /* RecordAndPlay */,
			);
		};
/* End PBXProject section */

/* Begin PBXResourcesBuildPhase section */
		5C1EF19123CDC21A00C9D90E /* Resources */ = {
			isa = PBXResourcesBuildPhase;
			buildActionMask = 2147483647;
			files = (
				5C1EF1A323CDC22300C9D90E /* LaunchScreen.storyboard in Resources */,
				5C1EF1A023CDC22300C9D90E /* Assets.xcassets in Resources */,
				5C1EF19E23CDC21A00C9D90E /* Main.storyboard in Resources */,
			);
			runOnlyForDeploymentPostprocessing = 0;
		};
/* End PBXResourcesBuildPhase section */

/* Begin PBXSourcesBuildPhase section */
		5C1EF18F23CDC21A00C9D90E /* Sources */ = {
			isa = PBXSourcesBuildPhase;
			buildActionMask = 2147483647;
			files = (
				5C1DF35223E1980600E53AA9 /* ListOfRecordsTableViewController.swift in Sources */,
				5C1DF35623E1A47000E53AA9 /* RecordsCaretaker.swift in Sources */,
				5CF9E81123D5C39A007C6AD1 /* Utils.swift in Sources */,
				5C1DF35423E1A21E00E53AA9 /* Records.swift in Sources */,
				5C1EF19B23CDC21A00C9D90E /* ViewController.swift in Sources */,
				5C1EF19723CDC21A00C9D90E /* AppDelegate.swift in Sources */,
				5CF9E81323D5CB5C007C6AD1 /* UIColor+Ext.swift in Sources */,
				5C1EF1AB23CDC52500C9D90E /* RecorderView.swift in Sources */,
				5C1EF19923CDC21A00C9D90E /* SceneDelegate.swift in Sources */,
			);
			runOnlyForDeploymentPostprocessing = 0;
		};
/* End PBXSourcesBuildPhase section */

/* Begin PBXVariantGroup section */
		5C1EF19C23CDC21A00C9D90E /* Main.storyboard */ = {
			isa = PBXVariantGroup;
			children = (
				5C1EF19D23CDC21A00C9D90E /* Base */,
			);
			name = Main.storyboard;
			sourceTree = "<group>";
		};
		5C1EF1A123CDC22300C9D90E /* LaunchScreen.storyboard */ = {
			isa = PBXVariantGroup;
			children = (
				5C1EF1A223CDC22300C9D90E /* Base */,
			);
			name = LaunchScreen.storyboard;
			sourceTree = "<group>";
		};
/* End PBXVariantGroup section */

/* Begin XCBuildConfiguration section */
		5C1EF1A523CDC22300C9D90E /* Debug */ = {
			isa = XCBuildConfiguration;
			buildSettings = {
				ALWAYS_SEARCH_USER_PATHS = NO;
				CLANG_ANALYZER_NONNULL = YES;
				CLANG_ANALYZER_NUMBER_OBJECT_CONVERSION = YES_AGGRESSIVE;
				CLANG_CXX_LANGUAGE_STANDARD = "gnu++14";
				CLANG_CXX_LIBRARY = "libc++";
				CLANG_ENABLE_MODULES = YES;
				CLANG_ENABLE_OBJC_ARC = YES;
				CLANG_ENABLE_OBJC_WEAK = YES;
				CLANG_WARN_BLOCK_CAPTURE_AUTORELEASING = YES;
				CLANG_WARN_BOOL_CONVERSION = YES;
				CLANG_WARN_COMMA = YES;
				CLANG_WARN_CONSTANT_CONVERSION = YES;
				CLANG_WARN_DEPRECATED_OBJC_IMPLEMENTATIONS = YES;
				CLANG_WARN_DIRECT_OBJC_ISA_USAGE = YES_ERROR;
				CLANG_WARN_DOCUMENTATION_COMMENTS = YES;
				CLANG_WARN_EMPTY_BODY = YES;
				CLANG_WARN_ENUM_CONVERSION = YES;
				CLANG_WARN_INFINITE_RECURSION = YES;
				CLANG_WARN_INT_CONVERSION = YES;
				CLANG_WARN_NON_LITERAL_NULL_CONVERSION = YES;
				CLANG_WARN_OBJC_IMPLICIT_RETAIN_SELF = YES;
				CLANG_WARN_OBJC_LITERAL_CONVERSION = YES;
				CLANG_WARN_OBJC_ROOT_CLASS = YES_ERROR;
				CLANG_WARN_RANGE_LOOP_ANALYSIS = YES;
				CLANG_WARN_STRICT_PROTOTYPES = YES;
				CLANG_WARN_SUSPICIOUS_MOVE = YES;
				CLANG_WARN_UNGUARDED_AVAILABILITY = YES_AGGRESSIVE;
				CLANG_WARN_UNREACHABLE_CODE = YES;
				CLANG_WARN__DUPLICATE_METHOD_MATCH = YES;
				COPY_PHASE_STRIP = NO;
				DEBUG_INFORMATION_FORMAT = dwarf;
				ENABLE_STRICT_OBJC_MSGSEND = YES;
				ENABLE_TESTABILITY = YES;
				GCC_C_LANGUAGE_STANDARD = gnu11;
				GCC_DYNAMIC_NO_PIC = NO;
				GCC_NO_COMMON_BLOCKS = YES;
				GCC_OPTIMIZATION_LEVEL = 0;
				GCC_PREPROCESSOR_DEFINITIONS = (
					"DEBUG=1",
					"$(inherited)",
				);
				GCC_WARN_64_TO_32_BIT_CONVERSION = YES;
				GCC_WARN_ABOUT_RETURN_TYPE = YES_ERROR;
				GCC_WARN_UNDECLARED_SELECTOR = YES;
				GCC_WARN_UNINITIALIZED_AUTOS = YES_AGGRESSIVE;
				GCC_WARN_UNUSED_FUNCTION = YES;
				GCC_WARN_UNUSED_VARIABLE = YES;
				IPHONEOS_DEPLOYMENT_TARGET = 13.2;
				MTL_ENABLE_DEBUG_INFO = INCLUDE_SOURCE;
				MTL_FAST_MATH = YES;
				ONLY_ACTIVE_ARCH = YES;
				SDKROOT = iphoneos;
				SWIFT_ACTIVE_COMPILATION_CONDITIONS = DEBUG;
				SWIFT_OPTIMIZATION_LEVEL = "-Onone";
			};
			name = Debug;
		};
		5C1EF1A623CDC22300C9D90E /* Release */ = {
			isa = XCBuildConfiguration;
			buildSettings = {
				ALWAYS_SEARCH_USER_PATHS = NO;
				CLANG_ANALYZER_NONNULL = YES;
				CLANG_ANALYZER_NUMBER_OBJECT_CONVERSION = YES_AGGRESSIVE;
				CLANG_CXX_LANGUAGE_STANDARD = "gnu++14";
				CLANG_CXX_LIBRARY = "libc++";
				CLANG_ENABLE_MODULES = YES;
				CLANG_ENABLE_OBJC_ARC = YES;
				CLANG_ENABLE_OBJC_WEAK = YES;
				CLANG_WARN_BLOCK_CAPTURE_AUTORELEASING = YES;
				CLANG_WARN_BOOL_CONVERSION = YES;
				CLANG_WARN_COMMA = YES;
				CLANG_WARN_CONSTANT_CONVERSION = YES;
				CLANG_WARN_DEPRECATED_OBJC_IMPLEMENTATIONS = YES;
				CLANG_WARN_DIRECT_OBJC_ISA_USAGE = YES_ERROR;
				CLANG_WARN_DOCUMENTATION_COMMENTS = YES;
				CLANG_WARN_EMPTY_BODY = YES;
				CLANG_WARN_ENUM_CONVERSION = YES;
				CLANG_WARN_INFINITE_RECURSION = YES;
				CLANG_WARN_INT_CONVERSION = YES;
				CLANG_WARN_NON_LITERAL_NULL_CONVERSION = YES;
				CLANG_WARN_OBJC_IMPLICIT_RETAIN_SELF = YES;
				CLANG_WARN_OBJC_LITERAL_CONVERSION = YES;
				CLANG_WARN_OBJC_ROOT_CLASS = YES_ERROR;
				CLANG_WARN_RANGE_LOOP_ANALYSIS = YES;
				CLANG_WARN_STRICT_PROTOTYPES = YES;
				CLANG_WARN_SUSPICIOUS_MOVE = YES;
				CLANG_WARN_UNGUARDED_AVAILABILITY = YES_AGGRESSIVE;
				CLANG_WARN_UNREACHABLE_CODE = YES;
				CLANG_WARN__DUPLICATE_METHOD_MATCH = YES;
				COPY_PHASE_STRIP = NO;
				DEBUG_INFORMATION_FORMAT = "dwarf-with-dsym";
				ENABLE_NS_ASSERTIONS = NO;
				ENABLE_STRICT_OBJC_MSGSEND = YES;
				GCC_C_LANGUAGE_STANDARD = gnu11;
				GCC_NO_COMMON_BLOCKS = YES;
				GCC_WARN_64_TO_32_BIT_CONVERSION = YES;
				GCC_WARN_ABOUT_RETURN_TYPE = YES_ERROR;
				GCC_WARN_UNDECLARED_SELECTOR = YES;
				GCC_WARN_UNINITIALIZED_AUTOS = YES_AGGRESSIVE;
				GCC_WARN_UNUSED_FUNCTION = YES;
				GCC_WARN_UNUSED_VARIABLE = YES;
				IPHONEOS_DEPLOYMENT_TARGET = 13.2;
				MTL_ENABLE_DEBUG_INFO = NO;
				MTL_FAST_MATH = YES;
				SDKROOT = iphoneos;
				SWIFT_COMPILATION_MODE = wholemodule;
				SWIFT_OPTIMIZATION_LEVEL = "-O";
				VALIDATE_PRODUCT = YES;
			};
			name = Release;
		};
		5C1EF1A823CDC22300C9D90E /* Debug */ = {
			isa = XCBuildConfiguration;
			buildSettings = {
				ASSETCATALOG_COMPILER_APPICON_NAME = AppIcon;
				CODE_SIGN_STYLE = Automatic;
				DEVELOPMENT_TEAM = 7Y46MAFM54;
				INFOPLIST_FILE = RecordAndPlay/Info.plist;
				LD_RUNPATH_SEARCH_PATHS = (
					"$(inherited)",
					"@executable_path/Frameworks",
				);
				PRODUCT_BUNDLE_IDENTIFIER = ru.OlgaDakhel.RecordAndPlay;
				PRODUCT_NAME = "$(TARGET_NAME)";
				SWIFT_VERSION = 5.0;
				TARGETED_DEVICE_FAMILY = "1,2";
			};
			name = Debug;
		};
		5C1EF1A923CDC22300C9D90E /* Release */ = {
			isa = XCBuildConfiguration;
			buildSettings = {
				ASSETCATALOG_COMPILER_APPICON_NAME = AppIcon;
				CODE_SIGN_STYLE = Automatic;
				DEVELOPMENT_TEAM = 7Y46MAFM54;
				INFOPLIST_FILE = RecordAndPlay/Info.plist;
				LD_RUNPATH_SEARCH_PATHS = (
					"$(inherited)",
					"@executable_path/Frameworks",
				);
				PRODUCT_BUNDLE_IDENTIFIER = ru.OlgaDakhel.RecordAndPlay;
				PRODUCT_NAME = "$(TARGET_NAME)";
				SWIFT_VERSION = 5.0;
				TARGETED_DEVICE_FAMILY = "1,2";
			};
			name = Release;
		};
/* End XCBuildConfiguration section */

/* Begin XCConfigurationList section */
		5C1EF18E23CDC21A00C9D90E /* Build configuration list for PBXProject "RecordAndPlay" */ = {
			isa = XCConfigurationList;
			buildConfigurations = (
				5C1EF1A523CDC22300C9D90E /* Debug */,
				5C1EF1A623CDC22300C9D90E /* Release */,
			);
			defaultConfigurationIsVisible = 0;
			defaultConfigurationName = Release;
		};
		5C1EF1A723CDC22300C9D90E /* Build configuration list for PBXNativeTarget "RecordAndPlay" */ = {
			isa = XCConfigurationList;
			buildConfigurations = (
				5C1EF1A823CDC22300C9D90E /* Debug */,
				5C1EF1A923CDC22300C9D90E /* Release */,
			);
			defaultConfigurationIsVisible = 0;
			defaultConfigurationName = Release;
		};
/* End XCConfigurationList section */
	};
	rootObject = 5C1EF18B23CDC21A00C9D90E /* Project object */;
}
